
Microsoft Visual Studio Solution File, Format Version 12.00
# Visual Studio 2013
VisualStudioVersion = 12.0.21005.1
MinimumVisualStudioVersion = 10.0.40219.1
Project("{FAE04EC0-301F-11D3-BF4B-00C04F79EFBC}") = "MasterMind.Core", "MasterMind.Core\MasterMind.Core.csproj", "{CF59D5D1-F7C7-4C7E-AC37-E56D8EC68932}"
EndProject
Project("{FAE04EC0-301F-11D3-BF4B-00C04F79EFBC}") = "MasterMind.Core.Tests", "MasterMind.Core.Tests\MasterMind.Core.Tests.csproj", "{BDB4FC94-FDE0-4064-824F-FE5294577775}"
EndProject
Project("{FAE04EC0-301F-11D3-BF4B-00C04F79EFBC}") = "MasterMind.Console", "MasterMind.ConsoleApp\MasterMind.Console.csproj", "{ADEB76DC-DCF5-4ADC-890D-6D37131A1B50}"
EndProject
Project("{FAE04EC0-301F-11D3-BF4B-00C04F79EFBC}") = "MasterMind.Web", "MasterMind.Web\MasterMind.Web.csproj", "{2098B266-77E7-4BE8-940A-58281F772CE6}"
EndProject
Project("{FAE04EC0-301F-11D3-BF4B-00C04F79EFBC}") = "MasterMind.Web.Tests", "MasterMind.Web.Tests\MasterMind.Web.Tests.csproj", "{286F4C9F-63B2-4C79-AE5D-12329856B503}"
EndProject
Project("{2150E333-8FDC-42A3-9474-1A3956D46DE8}") = "Solution Items", "Solution Items", "{14459829-92CA-4823-BB74-5E4FA2B79B63}"
	ProjectSection(SolutionItems) = preProject
		License.txt = License.txt
		README.md = README.md
		screen shot.png = screen shot.png
	EndProjectSection
EndProject
Global
	GlobalSection(SolutionConfigurationPlatforms) = preSolution
		Debug|Any CPU = Debug|Any CPU
		Release|Any CPU = Release|Any CPU
	EndGlobalSection
	GlobalSection(ProjectConfigurationPlatforms) = postSolution
		{CF59D5D1-F7C7-4C7E-AC37-E56D8EC68932}.Debug|Any CPU.ActiveCfg = Debug|Any CPU
		{CF59D5D1-F7C7-4C7E-AC37-E56D8EC68932}.Debug|Any CPU.Build.0 = Debug|Any CPU
		{CF59D5D1-F7C7-4C7E-AC37-E56D8EC68932}.Release|Any CPU.ActiveCfg = Release|Any CPU
		{CF59D5D1-F7C7-4C7E-AC37-E56D8EC68932}.Release|Any CPU.Build.0 = Release|Any CPU
		{BDB4FC94-FDE0-4064-824F-FE5294577775}.Debug|Any CPU.ActiveCfg = Debug|Any CPU
		{BDB4FC94-FDE0-4064-824F-FE5294577775}.Debug|Any CPU.Build.0 = Debug|Any CPU
		{BDB4FC94-FDE0-4064-824F-FE5294577775}.Release|Any CPU.ActiveCfg = Release|Any CPU
		{BDB4FC94-FDE0-4064-824F-FE5294577775}.Release|Any CPU.Build.0 = Release|Any CPU
		{ADEB76DC-DCF5-4ADC-890D-6D37131A1B50}.Debug|Any CPU.ActiveCfg = Debug|Any CPU
		{ADEB76DC-DCF5-4ADC-890D-6D37131A1B50}.Debug|Any CPU.Build.0 = Debug|Any CPU
		{ADEB76DC-DCF5-4ADC-890D-6D37131A1B50}.Release|Any CPU.ActiveCfg = Release|Any CPU
		{ADEB76DC-DCF5-4ADC-890D-6D37131A1B50}.Release|Any CPU.Build.0 = Release|Any CPU
		{2098B266-77E7-4BE8-940A-58281F772CE6}.Debug|Any CPU.ActiveCfg = Debug|Any CPU
		{2098B266-77E7-4BE8-940A-58281F772CE6}.Debug|Any CPU.Build.0 = Debug|Any CPU
		{2098B266-77E7-4BE8-940A-58281F772CE6}.Release|Any CPU.ActiveCfg = Release|Any CPU
		{2098B266-77E7-4BE8-940A-58281F772CE6}.Release|Any CPU.Build.0 = Release|Any CPU
		{286F4C9F-63B2-4C79-AE5D-12329856B503}.Debug|Any CPU.ActiveCfg = Debug|Any CPU
		{286F4C9F-63B2-4C79-AE5D-12329856B503}.Debug|Any CPU.Build.0 = Debug|Any CPU
		{286F4C9F-63B2-4C79-AE5D-12329856B503}.Release|Any CPU.ActiveCfg = Release|Any CPU
		{286F4C9F-63B2-4C79-AE5D-12329856B503}.Release|Any CPU.Build.0 = Release|Any CPU
	EndGlobalSection
	GlobalSection(SolutionProperties) = preSolution
		HideSolutionNode = FALSE
	EndGlobalSection
EndGlobal
